
Microsoft Visual Studio Solution File, Format Version 12.00
# Visual Studio 15
VisualStudioVersion = 15.0.28307.960
MinimumVisualStudioVersion = 10.0.40219.1
Project("{FAE04EC0-301F-11D3-BF4B-00C04F79EFBC}") = "DataTier", "DataTier\DataTier.csproj", "{88A09BF1-E459-49D2-9E74-563F4A8C0490}"
EndProject
Project("{FAE04EC0-301F-11D3-BF4B-00C04F79EFBC}") = "BusinessTier", "BusinessTier\BusinessTier.csproj", "{D26066E5-4771-4472-9A9D-CBA0F46B56B4}"
EndProject
Project("{FAE04EC0-301F-11D3-BF4B-00C04F79EFBC}") = "EntityTier", "EntityTier\EntityTier.csproj", "{6CA8406F-600F-4B96-8184-1C502C41F7D8}"
EndProject
Project("{FAE04EC0-301F-11D3-BF4B-00C04F79EFBC}") = "CommonTier", "CommonTier\CommonTier.csproj", "{1ACF3C32-B0C1-4579-9E51-F02566DF0173}"
EndProject
Project("{FAE04EC0-301F-11D3-BF4B-00C04F79EFBC}") = "ShoesApp", "PresentationTier\ShoesApp.csproj", "{BB9318EC-6EBB-4386-AE67-17C060F84A20}"
EndProject
Global
	GlobalSection(SolutionConfigurationPlatforms) = preSolution
		Debug|Any CPU = Debug|Any CPU
		Release|Any CPU = Release|Any CPU
	EndGlobalSection
	GlobalSection(ProjectConfigurationPlatforms) = postSolution
		{88A09BF1-E459-49D2-9E74-563F4A8C0490}.Debug|Any CPU.ActiveCfg = Debug|Any CPU
		{88A09BF1-E459-49D2-9E74-563F4A8C0490}.Debug|Any CPU.Build.0 = Debug|Any CPU
		{88A09BF1-E459-49D2-9E74-563F4A8C0490}.Release|Any CPU.ActiveCfg = Release|Any CPU
		{88A09BF1-E459-49D2-9E74-563F4A8C0490}.Release|Any CPU.Build.0 = Release|Any CPU
		{D26066E5-4771-4472-9A9D-CBA0F46B56B4}.Debug|Any CPU.ActiveCfg = Debug|Any CPU
		{D26066E5-4771-4472-9A9D-CBA0F46B56B4}.Debug|Any CPU.Build.0 = Debug|Any CPU
		{D26066E5-4771-4472-9A9D-CBA0F46B56B4}.Release|Any CPU.ActiveCfg = Release|Any CPU
		{D26066E5-4771-4472-9A9D-CBA0F46B56B4}.Release|Any CPU.Build.0 = Release|Any CPU
		{6CA8406F-600F-4B96-8184-1C502C41F7D8}.Debug|Any CPU.ActiveCfg = Debug|Any CPU
		{6CA8406F-600F-4B96-8184-1C502C41F7D8}.Debug|Any CPU.Build.0 = Debug|Any CPU
		{6CA8406F-600F-4B96-8184-1C502C41F7D8}.Release|Any CPU.ActiveCfg = Release|Any CPU
		{6CA8406F-600F-4B96-8184-1C502C41F7D8}.Release|Any CPU.Build.0 = Release|Any CPU
		{1ACF3C32-B0C1-4579-9E51-F02566DF0173}.Debug|Any CPU.ActiveCfg = Debug|Any CPU
		{1ACF3C32-B0C1-4579-9E51-F02566DF0173}.Debug|Any CPU.Build.0 = Debug|Any CPU
		{1ACF3C32-B0C1-4579-9E51-F02566DF0173}.Release|Any CPU.ActiveCfg = Release|Any CPU
		{1ACF3C32-B0C1-4579-9E51-F02566DF0173}.Release|Any CPU.Build.0 = Release|Any CPU
		{BB9318EC-6EBB-4386-AE67-17C060F84A20}.Debug|Any CPU.ActiveCfg = Debug|Any CPU
		{BB9318EC-6EBB-4386-AE67-17C060F84A20}.Debug|Any CPU.Build.0 = Debug|Any CPU
		{BB9318EC-6EBB-4386-AE67-17C060F84A20}.Release|Any CPU.ActiveCfg = Release|Any CPU
		{BB9318EC-6EBB-4386-AE67-17C060F84A20}.Release|Any CPU.Build.0 = Release|Any CPU
	EndGlobalSection
	GlobalSection(SolutionProperties) = preSolution
		HideSolutionNode = FALSE
	EndGlobalSection
	GlobalSection(ExtensibilityGlobals) = postSolution
		SolutionGuid = {FE7DB1F0-AE59-4C94-BAF5-A670AD36AD59}
	EndGlobalSection
EndGlobal
